
Microsoft Visual Studio Solution File, Format Version 12.00
# Visual Studio Version 17
VisualStudioVersion = 17.5.002.0
MinimumVisualStudioVersion = 10.0.40219.1
Project("{9A19103F-16F7-4668-BE54-9A1E7A4F7556}") = "2024_WpfApp3", "2024_WpfApp3.csproj", "{2DBC615C-8D43-401A-A3DC-1C7EF85FFB60}"
EndProject
Global
	GlobalSection(SolutionConfigurationPlatforms) = preSolution
		Debug|Any CPU = Debug|Any CPU
		Release|Any CPU = Release|Any CPU
	EndGlobalSection
	GlobalSection(ProjectConfigurationPlatforms) = postSolution
		{2DBC615C-8D43-401A-A3DC-1C7EF85FFB60}.Debug|Any CPU.ActiveCfg = Debug|Any CPU
		{2DBC615C-8D43-401A-A3DC-1C7EF85FFB60}.Debug|Any CPU.Build.0 = Debug|Any CPU
		{2DBC615C-8D43-401A-A3DC-1C7EF85FFB60}.Release|Any CPU.ActiveCfg = Release|Any CPU
		{2DBC615C-8D43-401A-A3DC-1C7EF85FFB60}.Release|Any CPU.Build.0 = Release|Any CPU
	EndGlobalSection
	GlobalSection(SolutionProperties) = preSolution
		HideSolutionNode = FALSE
	EndGlobalSection
	GlobalSection(ExtensibilityGlobals) = postSolution
		SolutionGuid = {F82D4937-B02D-4CA7-9551-7A61E5CC22FC}
	EndGlobalSection
EndGlobal
